
Microsoft Visual Studio Solution File, Format Version 12.00
# Visual Studio Version 17
VisualStudioVersion = 17.10.35122.118
MinimumVisualStudioVersion = 10.0.40219.1
Project("{9A19103F-16F7-4668-BE54-9A1E7A4F7556}") = "Congratulations", "Congratulations\Congratulations.csproj", "{A1A3989A-CABD-4056-8935-AB6188222992}"
EndProject
Project("{9A19103F-16F7-4668-BE54-9A1E7A4F7556}") = "Congratulations.Database", "Congratulations.Database\Congratulations.Database.csproj", "{BF8B90CA-6B19-43F5-A9A2-8DFD3D47F0CF}"
EndProject
Project("{FAE04EC0-301F-11D3-BF4B-00C04F79EFBC}") = "Congratulations.Entities", "Congratulations.Entities\Congratulations.Entities.csproj", "{B2D7109E-4AB8-4A29-B13C-2E0E42BD6BCF}"
EndProject
Global
	GlobalSection(SolutionConfigurationPlatforms) = preSolution
		Debug|Any CPU = Debug|Any CPU
		Release|Any CPU = Release|Any CPU
	EndGlobalSection
	GlobalSection(ProjectConfigurationPlatforms) = postSolution
		{A1A3989A-CABD-4056-8935-AB6188222992}.Debug|Any CPU.ActiveCfg = Debug|Any CPU
		{A1A3989A-CABD-4056-8935-AB6188222992}.Debug|Any CPU.Build.0 = Debug|Any CPU
		{A1A3989A-CABD-4056-8935-AB6188222992}.Release|Any CPU.ActiveCfg = Release|Any CPU
		{A1A3989A-CABD-4056-8935-AB6188222992}.Release|Any CPU.Build.0 = Release|Any CPU
		{BF8B90CA-6B19-43F5-A9A2-8DFD3D47F0CF}.Debug|Any CPU.ActiveCfg = Debug|Any CPU
		{BF8B90CA-6B19-43F5-A9A2-8DFD3D47F0CF}.Debug|Any CPU.Build.0 = Debug|Any CPU
		{BF8B90CA-6B19-43F5-A9A2-8DFD3D47F0CF}.Release|Any CPU.ActiveCfg = Release|Any CPU
		{BF8B90CA-6B19-43F5-A9A2-8DFD3D47F0CF}.Release|Any CPU.Build.0 = Release|Any CPU
		{B2D7109E-4AB8-4A29-B13C-2E0E42BD6BCF}.Debug|Any CPU.ActiveCfg = Debug|Any CPU
		{B2D7109E-4AB8-4A29-B13C-2E0E42BD6BCF}.Debug|Any CPU.Build.0 = Debug|Any CPU
		{B2D7109E-4AB8-4A29-B13C-2E0E42BD6BCF}.Release|Any CPU.ActiveCfg = Release|Any CPU
		{B2D7109E-4AB8-4A29-B13C-2E0E42BD6BCF}.Release|Any CPU.Build.0 = Release|Any CPU
	EndGlobalSection
	GlobalSection(SolutionProperties) = preSolution
		HideSolutionNode = FALSE
	EndGlobalSection
	GlobalSection(ExtensibilityGlobals) = postSolution
		SolutionGuid = {4B24846F-AF54-489F-93F2-6D63AC4C09D3}
	EndGlobalSection
EndGlobal
